
Microsoft Visual Studio Solution File, Format Version 12.00
# Visual Studio Version 16
VisualStudioVersion = 16.0.29326.143
MinimumVisualStudioVersion = 10.0.40219.1
Project("{9A19103F-16F7-4668-BE54-9A1E7A4F7556}") = "RosBagConverter", "Sources\RosBagConverter\RosBagConverter.csproj", "{E02DE2D7-7B7F-4667-953C-A39BB79FB657}"
EndProject
Project("{9A19103F-16F7-4668-BE54-9A1E7A4F7556}") = "RosBagConverterTests", "Sources\RosBagConverterTests\RosBagConverterTests.csproj", "{D2F46C19-2265-40A3-B58C-8A3DB910CBD7}"
EndProject
Project("{2150E333-8FDC-42A3-9474-1A3956D46DE8}") = "Solution Items", "Solution Items", "{FD1F2D50-D38B-44AB-9537-193F038F6B16}"
	ProjectSection(SolutionItems) = preProject
		.gitignore = .gitignore
		README.md = README.md
	EndProjectSection
EndProject
Global
	GlobalSection(SolutionConfigurationPlatforms) = preSolution
		Debug|Any CPU = Debug|Any CPU
		Release|Any CPU = Release|Any CPU
	EndGlobalSection
	GlobalSection(ProjectConfigurationPlatforms) = postSolution
		{E02DE2D7-7B7F-4667-953C-A39BB79FB657}.Debug|Any CPU.ActiveCfg = Debug|Any CPU
		{E02DE2D7-7B7F-4667-953C-A39BB79FB657}.Debug|Any CPU.Build.0 = Debug|Any CPU
		{E02DE2D7-7B7F-4667-953C-A39BB79FB657}.Release|Any CPU.ActiveCfg = Release|Any CPU
		{E02DE2D7-7B7F-4667-953C-A39BB79FB657}.Release|Any CPU.Build.0 = Release|Any CPU
		{D2F46C19-2265-40A3-B58C-8A3DB910CBD7}.Debug|Any CPU.ActiveCfg = Debug|Any CPU
		{D2F46C19-2265-40A3-B58C-8A3DB910CBD7}.Debug|Any CPU.Build.0 = Debug|Any CPU
		{D2F46C19-2265-40A3-B58C-8A3DB910CBD7}.Release|Any CPU.ActiveCfg = Release|Any CPU
		{D2F46C19-2265-40A3-B58C-8A3DB910CBD7}.Release|Any CPU.Build.0 = Release|Any CPU
	EndGlobalSection
	GlobalSection(SolutionProperties) = preSolution
		HideSolutionNode = FALSE
	EndGlobalSection
	GlobalSection(ExtensibilityGlobals) = postSolution
		SolutionGuid = {7208E6C1-586A-4EB2-A59E-3CD02F6D31EC}
	EndGlobalSection
EndGlobal
